schema: '2.0'
stages:
  download_gbif:
    cmd: python src/iforest_cit_sci_feats/data/download_gbif.py -q references/gbif/query_all_tracheophyta.json
      -n all_tracheophyta -o data/raw/gbif
    outs:
    - path: data/raw/gbif/all_tracheophyta.json
      hash: md5
      md5: 4deeea33941fb8d4f0f6eb1863d953c3
      size: 827
      isexec: true
    - path: data/raw/gbif/all_tracheophyta.zip
      hash: md5
      md5: 984c2022c0fbf75737a93ed538d8065a
      size: 49628848767
      isexec: true
