schema: '2.0'
stages:
  clip_forest_mask:
    cmd: python src/data/clip_forest_mask.py
    deps:
    - path: 
        /mnt/FS_data/geosense_data_registry/raw/masks/forest_type_2018/FTY_2018_010m_eu_03035_v010/DATA/FTY_2018_010m_eu_03035_V1_0.tif
      hash: md5
      md5: 67f7a74aad44a1e3ef0d1a8792528826
      size: 6111365885
    - path: data/raw/sentinel-2/fca_grid_empty_raster_R20m.tif
      hash: md5
      md5: d7fb8f49333c197f99b8291e63c91c59
      size: 12774150
    outs:
    - path: data/interim/forest_mask/FTY_2018_010m_eu_03035_V1_0_clipped.tif
      hash: md5
      md5: a264c8d81cdbd5b2d35f0126f82c54a6
      size: 5715285080
  reproject_forest_mask:
    cmd: python src/data/reproject_forest_mask.py
    deps:
    - path: data/interim/forest_mask/FTY_2018_010m_eu_03035_V1_0_clipped.tif
      hash: md5
      md5: a264c8d81cdbd5b2d35f0126f82c54a6
      size: 5715285080
    outs:
    - path: data/interim/forest_mask/FTY_2018_010m_eu_03035_V1_0_clipped_EPSG32632.tif
      hash: md5
      md5: df2ab7de52361b620168fd0b5a249d6b
      size: 5874709586
